// !$*UTF8*$!
{
	archiveVersion = 1;
	classes = {
	};
	objectVersion = 46;
	objects = {

/* Begin PBXBuildFile section */
		4305BF1E1E5CA6F7004ECE4F /* AppDelegate.m in Sources */ = {isa = PBXBuildFile; fileRef = 4305BF1D1E5CA6F7004ECE4F /* AppDelegate.m */; };
		4305BF211E5CA6F7004ECE4F /* main.m in Sources */ = {isa = PBXBuildFile; fileRef = 4305BF201E5CA6F7004ECE4F /* main.m */; };
		4305BF241E5CA6F7004ECE4F /* ViewController.m in Sources */ = {isa = PBXBuildFile; fileRef = 4305BF231E5CA6F7004ECE4F /* ViewController.m */; };
		4305BF261E5CA6F7004ECE4F /* Assets.xcassets in Resources */ = {isa = PBXBuildFile; fileRef = 4305BF251E5CA6F7004ECE4F /* Assets.xcassets */; };
		4305BF291E5CA6F7004ECE4F /* Main.storyboard in Resources */ = {isa = PBXBuildFile; fileRef = 4305BF271E5CA6F7004ECE4F /* Main.storyboard */; };
		4305BF511E5CA775004ECE4F /* NSDateFormatter+STTwitter.m in Sources */ = {isa = PBXBuildFile; fileRef = 4305BF321E5CA775004ECE4F /* NSDateFormatter+STTwitter.m */; };
		4305BF521E5CA775004ECE4F /* NSError+STTwitter.m in Sources */ = {isa = PBXBuildFile; fileRef = 4305BF341E5CA775004ECE4F /* NSError+STTwitter.m */; };
		4305BF531E5CA775004ECE4F /* NSString+STTwitter.m in Sources */ = {isa = PBXBuildFile; fileRef = 4305BF361E5CA775004ECE4F /* NSString+STTwitter.m */; };
		4305BF541E5CA775004ECE4F /* STHTTPRequest+STTwitter.m in Sources */ = {isa = PBXBuildFile; fileRef = 4305BF381E5CA775004ECE4F /* STHTTPRequest+STTwitter.m */; };
		4305BF551E5CA775004ECE4F /* STTwitterAPI.m in Sources */ = {isa = PBXBuildFile; fileRef = 4305BF3B1E5CA775004ECE4F /* STTwitterAPI.m */; };
		4305BF561E5CA775004ECE4F /* STTwitterAppOnly.m in Sources */ = {isa = PBXBuildFile; fileRef = 4305BF3D1E5CA775004ECE4F /* STTwitterAppOnly.m */; };
		4305BF571E5CA775004ECE4F /* STTwitterHTML.m in Sources */ = {isa = PBXBuildFile; fileRef = 4305BF3F1E5CA775004ECE4F /* STTwitterHTML.m */; };
		4305BF581E5CA775004ECE4F /* STTwitterOAuth.m in Sources */ = {isa = PBXBuildFile; fileRef = 4305BF411E5CA775004ECE4F /* STTwitterOAuth.m */; };
		4305BF591E5CA775004ECE4F /* STTwitterOS.m in Sources */ = {isa = PBXBuildFile; fileRef = 4305BF431E5CA775004ECE4F /* STTwitterOS.m */; };
		4305BF5A1E5CA775004ECE4F /* STTwitterOSRequest.m in Sources */ = {isa = PBXBuildFile; fileRef = 4305BF451E5CA775004ECE4F /* STTwitterOSRequest.m */; };
		4305BF5B1E5CA775004ECE4F /* STTwitterStreamParser.m in Sources */ = {isa = PBXBuildFile; fileRef = 4305BF491E5CA775004ECE4F /* STTwitterStreamParser.m */; };
		4305BF5C1E5CA775004ECE4F /* BAVPlistNode.m in Sources */ = {isa = PBXBuildFile; fileRef = 4305BF4C1E5CA775004ECE4F /* BAVPlistNode.m */; };
		4305BF5D1E5CA775004ECE4F /* JSONSyntaxHighlight.m in Sources */ = {isa = PBXBuildFile; fileRef = 4305BF4E1E5CA775004ECE4F /* JSONSyntaxHighlight.m */; };
		4305BF5E1E5CA775004ECE4F /* STHTTPRequest.m in Sources */ = {isa = PBXBuildFile; fileRef = 4305BF501E5CA775004ECE4F /* STHTTPRequest.m */; };
		4305BF611E5D2EC8004ECE4F /* Social.framework in Frameworks */ = {isa = PBXBuildFile; fileRef = 4305BF601E5D2EC8004ECE4F /* Social.framework */; };
		4305BF631E5D2ECC004ECE4F /* Accounts.framework in Frameworks */ = {isa = PBXBuildFile; fileRef = 4305BF621E5D2ECC004ECE4F /* Accounts.framework */; };
/* End PBXBuildFile section */

/* Begin PBXFileReference section */
		4305BF191E5CA6F7004ECE4F /* BlockAllTwitter.app */ = {isa = PBXFileReference; explicitFileType = wrapper.application; includeInIndex = 0; path = BlockAllTwitter.app; sourceTree = BUILT_PRODUCTS_DIR; };
		4305BF1C1E5CA6F7004ECE4F /* AppDelegate.h */ = {isa = PBXFileReference; lastKnownFileType = sourcecode.c.h; path = AppDelegate.h; sourceTree = "<group>"; };
		4305BF1D1E5CA6F7004ECE4F /* AppDelegate.m */ = {isa = PBXFileReference; lastKnownFileType = sourcecode.c.objc; path = AppDelegate.m; sourceTree = "<group>"; };
		4305BF201E5CA6F7004ECE4F /* main.m */ = {isa = PBXFileReference; lastKnownFileType = sourcecode.c.objc; path = main.m; sourceTree = "<group>"; };
		4305BF221E5CA6F7004ECE4F /* ViewController.h */ = {isa = PBXFileReference; lastKnownFileType = sourcecode.c.h; path = ViewController.h; sourceTree = "<group>"; };
		4305BF231E5CA6F7004ECE4F /* ViewController.m */ = {isa = PBXFileReference; lastKnownFileType = sourcecode.c.objc; path = ViewController.m; sourceTree = "<group>"; };
		4305BF251E5CA6F7004ECE4F /* Assets.xcassets */ = {isa = PBXFileReference; lastKnownFileType = folder.assetcatalog; path = Assets.xcassets; sourceTree = "<group>"; };
		4305BF281E5CA6F7004ECE4F /* Base */ = {isa = PBXFileReference; lastKnownFileType = file.storyboard; name = Base; path = Base.lproj/Main.storyboard; sourceTree = "<group>"; };
		4305BF2A1E5CA6F7004ECE4F /* Info.plist */ = {isa = PBXFileReference; lastKnownFileType = text.plist.xml; path = Info.plist; sourceTree = "<group>"; };
		4305BF311E5CA775004ECE4F /* NSDateFormatter+STTwitter.h */ = {isa = PBXFileReference; fileEncoding = 4; lastKnownFileType = sourcecode.c.h; path = "NSDateFormatter+STTwitter.h"; sourceTree = "<group>"; };
		4305BF321E5CA775004ECE4F /* NSDateFormatter+STTwitter.m */ = {isa = PBXFileReference; fileEncoding = 4; lastKnownFileType = sourcecode.c.objc; path = "NSDateFormatter+STTwitter.m"; sourceTree = "<group>"; };
		4305BF331E5CA775004ECE4F /* NSError+STTwitter.h */ = {isa = PBXFileReference; fileEncoding = 4; lastKnownFileType = sourcecode.c.h; path = "NSError+STTwitter.h"; sourceTree = "<group>"; };
		4305BF341E5CA775004ECE4F /* NSError+STTwitter.m */ = {isa = PBXFileReference; fileEncoding = 4; lastKnownFileType = sourcecode.c.objc; path = "NSError+STTwitter.m"; sourceTree = "<group>"; };
		4305BF351E5CA775004ECE4F /* NSString+STTwitter.h */ = {isa = PBXFileReference; fileEncoding = 4; lastKnownFileType = sourcecode.c.h; path = "NSString+STTwitter.h"; sourceTree = "<group>"; };
		4305BF361E5CA775004ECE4F /* NSString+STTwitter.m */ = {isa = PBXFileReference; fileEncoding = 4; lastKnownFileType = sourcecode.c.objc; path = "NSString+STTwitter.m"; sourceTree = "<group>"; };
		4305BF371E5CA775004ECE4F /* STHTTPRequest+STTwitter.h */ = {isa = PBXFileReference; fileEncoding = 4; lastKnownFileType = sourcecode.c.h; path = "STHTTPRequest+STTwitter.h"; sourceTree = "<group>"; };
		4305BF381E5CA775004ECE4F /* STHTTPRequest+STTwitter.m */ = {isa = PBXFileReference; fileEncoding = 4; lastKnownFileType = sourcecode.c.objc; path = "STHTTPRequest+STTwitter.m"; sourceTree = "<group>"; };
		4305BF391E5CA775004ECE4F /* STTwitter.h */ = {isa = PBXFileReference; fileEncoding = 4; lastKnownFileType = sourcecode.c.h; path = STTwitter.h; sourceTree = "<group>"; };
		4305BF3A1E5CA775004ECE4F /* STTwitterAPI.h */ = {isa = PBXFileReference; fileEncoding = 4; lastKnownFileType = sourcecode.c.h; path = STTwitterAPI.h; sourceTree = "<group>"; };
		4305BF3B1E5CA775004ECE4F /* STTwitterAPI.m */ = {isa = PBXFileReference; fileEncoding = 4; lastKnownFileType = sourcecode.c.objc; path = STTwitterAPI.m; sourceTree = "<group>"; };
		4305BF3C1E5CA775004ECE4F /* STTwitterAppOnly.h */ = {isa = PBXFileReference; fileEncoding = 4; lastKnownFileType = sourcecode.c.h; path = STTwitterAppOnly.h; sourceTree = "<group>"; };
		4305BF3D1E5CA775004ECE4F /* STTwitterAppOnly.m */ = {isa = PBXFileReference; fileEncoding = 4; lastKnownFileType = sourcecode.c.objc; path = STTwitterAppOnly.m; sourceTree = "<group>"; };
		4305BF3E1E5CA775004ECE4F /* STTwitterHTML.h */ = {isa = PBXFileReference; fileEncoding = 4; lastKnownFileType = sourcecode.c.h; path = STTwitterHTML.h; sourceTree = "<group>"; };
		4305BF3F1E5CA775004ECE4F /* STTwitterHTML.m */ = {isa = PBXFileReference; fileEncoding = 4; lastKnownFileType = sourcecode.c.objc; path = STTwitterHTML.m; sourceTree = "<group>"; };
		4305BF401E5CA775004ECE4F /* STTwitterOAuth.h */ = {isa = PBXFileReference; fileEncoding = 4; lastKnownFileType = sourcecode.c.h; path = STTwitterOAuth.h; sourceTree = "<group>"; };
		4305BF411E5CA775004ECE4F /* STTwitterOAuth.m */ = {isa = PBXFileReference; fileEncoding = 4; lastKnownFileType = sourcecode.c.objc; path = STTwitterOAuth.m; sourceTree = "<group>"; };
		4305BF421E5CA775004ECE4F /* STTwitterOS.h */ = {isa = PBXFileReference; fileEncoding = 4; lastKnownFileType = sourcecode.c.h; path = STTwitterOS.h; sourceTree = "<group>"; };
		4305BF431E5CA775004ECE4F /* STTwitterOS.m */ = {isa = PBXFileReference; fileEncoding = 4; lastKnownFileType = sourcecode.c.objc; path = STTwitterOS.m; sourceTree = "<group>"; };
		4305BF441E5CA775004ECE4F /* STTwitterOSRequest.h */ = {isa = PBXFileReference; fileEncoding = 4; lastKnownFileType = sourcecode.c.h; path = STTwitterOSRequest.h; sourceTree = "<group>"; };
		4305BF451E5CA775004ECE4F /* STTwitterOSRequest.m */ = {isa = PBXFileReference; fileEncoding = 4; lastKnownFileType = sourcecode.c.objc; path = STTwitterOSRequest.m; sourceTree = "<group>"; };
		4305BF461E5CA775004ECE4F /* STTwitterProtocol.h */ = {isa = PBXFileReference; fileEncoding = 4; lastKnownFileType = sourcecode.c.h; path = STTwitterProtocol.h; sourceTree = "<group>"; };
		4305BF471E5CA775004ECE4F /* STTwitterRequestProtocol.h */ = {isa = PBXFileReference; fileEncoding = 4; lastKnownFileType = sourcecode.c.h; path = STTwitterRequestProtocol.h; sourceTree = "<group>"; };
		4305BF481E5CA775004ECE4F /* STTwitterStreamParser.h */ = {isa = PBXFileReference; fileEncoding = 4; lastKnownFileType = sourcecode.c.h; path = STTwitterStreamParser.h; sourceTree = "<group>"; };
		4305BF491E5CA775004ECE4F /* STTwitterStreamParser.m */ = {isa = PBXFileReference; fileEncoding = 4; lastKnownFileType = sourcecode.c.objc; path = STTwitterStreamParser.m; sourceTree = "<group>"; };
		4305BF4B1E5CA775004ECE4F /* BAVPlistNode.h */ = {isa = PBXFileReference; fileEncoding = 4; lastKnownFileType = sourcecode.c.h; path = BAVPlistNode.h; sourceTree = "<group>"; };
		4305BF4C1E5CA775004ECE4F /* BAVPlistNode.m */ = {isa = PBXFileReference; fileEncoding = 4; lastKnownFileType = sourcecode.c.objc; path = BAVPlistNode.m; sourceTree = "<group>"; };
		4305BF4D1E5CA775004ECE4F /* JSONSyntaxHighlight.h */ = {isa = PBXFileReference; fileEncoding = 4; lastKnownFileType = sourcecode.c.h; path = JSONSyntaxHighlight.h; sourceTree = "<group>"; };
		4305BF4E1E5CA775004ECE4F /* JSONSyntaxHighlight.m */ = {isa = PBXFileReference; fileEncoding = 4; lastKnownFileType = sourcecode.c.objc; path = JSONSyntaxHighlight.m; sourceTree = "<group>"; };
		4305BF4F1E5CA775004ECE4F /* STHTTPRequest.h */ = {isa = PBXFileReference; fileEncoding = 4; lastKnownFileType = sourcecode.c.h; path = STHTTPRequest.h; sourceTree = "<group>"; };
		4305BF501E5CA775004ECE4F /* STHTTPRequest.m */ = {isa = PBXFileReference; fileEncoding = 4; lastKnownFileType = sourcecode.c.objc; path = STHTTPRequest.m; sourceTree = "<group>"; };
		4305BF601E5D2EC8004ECE4F /* Social.framework */ = {isa = PBXFileReference; lastKnownFileType = wrapper.framework; name = Social.framework; path = System/Library/Frameworks/Social.framework; sourceTree = SDKROOT; };
		4305BF621E5D2ECC004ECE4F /* Accounts.framework */ = {isa = PBXFileReference; lastKnownFileType = wrapper.framework; name = Accounts.framework; path = System/Library/Frameworks/Accounts.framework; sourceTree = SDKROOT; };
/* End PBXFileReference section */

/* Begin PBXFrameworksBuildPhase section */
		4305BF161E5CA6F7004ECE4F /* Frameworks */ = {
			isa = PBXFrameworksBuildPhase;
			buildActionMask = 2147483647;
			files = (
				4305BF631E5D2ECC004ECE4F /* Accounts.framework in Frameworks */,
				4305BF611E5D2EC8004ECE4F /* Social.framework in Frameworks */,
			);
			runOnlyForDeploymentPostprocessing = 0;
		};
/* End PBXFrameworksBuildPhase section */

/* Begin PBXGroup section */
		4305BF101E5CA6F7004ECE4F = {
			isa = PBXGroup;
			children = (
				4305BF1B1E5CA6F7004ECE4F /* BlockAllTwitter */,
				4305BF1A1E5CA6F7004ECE4F /* Products */,
				4305BF5F1E5D2EC7004ECE4F /* Frameworks */,
			);
			sourceTree = "<group>";
		};
		4305BF1A1E5CA6F7004ECE4F /* Products */ = {
			isa = PBXGroup;
			children = (
				4305BF191E5CA6F7004ECE4F /* BlockAllTwitter.app */,
			);
			name = Products;
			sourceTree = "<group>";
		};
		4305BF1B1E5CA6F7004ECE4F /* BlockAllTwitter */ = {
			isa = PBXGroup;
			children = (
				4305BF301E5CA775004ECE4F /* STTwitter */,
				4305BF1C1E5CA6F7004ECE4F /* AppDelegate.h */,
				4305BF1D1E5CA6F7004ECE4F /* AppDelegate.m */,
				4305BF221E5CA6F7004ECE4F /* ViewController.h */,
				4305BF231E5CA6F7004ECE4F /* ViewController.m */,
				4305BF251E5CA6F7004ECE4F /* Assets.xcassets */,
				4305BF271E5CA6F7004ECE4F /* Main.storyboard */,
				4305BF2A1E5CA6F7004ECE4F /* Info.plist */,
				4305BF1F1E5CA6F7004ECE4F /* Supporting Files */,
			);
			path = BlockAllTwitter;
			sourceTree = "<group>";
		};
		4305BF1F1E5CA6F7004ECE4F /* Supporting Files */ = {
			isa = PBXGroup;
			children = (
				4305BF201E5CA6F7004ECE4F /* main.m */,
			);
			name = "Supporting Files";
			sourceTree = "<group>";
		};
		4305BF301E5CA775004ECE4F /* STTwitter */ = {
			isa = PBXGroup;
			children = (
				4305BF311E5CA775004ECE4F /* NSDateFormatter+STTwitter.h */,
				4305BF321E5CA775004ECE4F /* NSDateFormatter+STTwitter.m */,
				4305BF331E5CA775004ECE4F /* NSError+STTwitter.h */,
				4305BF341E5CA775004ECE4F /* NSError+STTwitter.m */,
				4305BF351E5CA775004ECE4F /* NSString+STTwitter.h */,
				4305BF361E5CA775004ECE4F /* NSString+STTwitter.m */,
				4305BF371E5CA775004ECE4F /* STHTTPRequest+STTwitter.h */,
				4305BF381E5CA775004ECE4F /* STHTTPRequest+STTwitter.m */,
				4305BF391E5CA775004ECE4F /* STTwitter.h */,
				4305BF3A1E5CA775004ECE4F /* STTwitterAPI.h */,
				4305BF3B1E5CA775004ECE4F /* STTwitterAPI.m */,
				4305BF3C1E5CA775004ECE4F /* STTwitterAppOnly.h */,
				4305BF3D1E5CA775004ECE4F /* STTwitterAppOnly.m */,
				4305BF3E1E5CA775004ECE4F /* STTwitterHTML.h */,
				4305BF3F1E5CA775004ECE4F /* STTwitterHTML.m */,
				4305BF401E5CA775004ECE4F /* STTwitterOAuth.h */,
				4305BF411E5CA775004ECE4F /* STTwitterOAuth.m */,
				4305BF421E5CA775004ECE4F /* STTwitterOS.h */,
				4305BF431E5CA775004ECE4F /* STTwitterOS.m */,
				4305BF441E5CA775004ECE4F /* STTwitterOSRequest.h */,
				4305BF451E5CA775004ECE4F /* STTwitterOSRequest.m */,
				4305BF461E5CA775004ECE4F /* STTwitterProtocol.h */,
				4305BF471E5CA775004ECE4F /* STTwitterRequestProtocol.h */,
				4305BF481E5CA775004ECE4F /* STTwitterStreamParser.h */,
				4305BF491E5CA775004ECE4F /* STTwitterStreamParser.m */,
				4305BF4A1E5CA775004ECE4F /* Vendor */,
			);
			path = STTwitter;
			sourceTree = "<group>";
		};
		4305BF4A1E5CA775004ECE4F /* Vendor */ = {
			isa = PBXGroup;
			children = (
				4305BF4B1E5CA775004ECE4F /* BAVPlistNode.h */,
				4305BF4C1E5CA775004ECE4F /* BAVPlistNode.m */,
				4305BF4D1E5CA775004ECE4F /* JSONSyntaxHighlight.h */,
				4305BF4E1E5CA775004ECE4F /* JSONSyntaxHighlight.m */,
				4305BF4F1E5CA775004ECE4F /* STHTTPRequest.h */,
				4305BF501E5CA775004ECE4F /* STHTTPRequest.m */,
			);
			path = Vendor;
			sourceTree = "<group>";
		};
		4305BF5F1E5D2EC7004ECE4F /* Frameworks */ = {
			isa = PBXGroup;
			children = (
				4305BF621E5D2ECC004ECE4F /* Accounts.framework */,
				4305BF601E5D2EC8004ECE4F /* Social.framework */,
			);
			name = Frameworks;
			sourceTree = "<group>";
		};
/* End PBXGroup section */

/* Begin PBXNativeTarget section */
		4305BF181E5CA6F7004ECE4F /* BlockAllTwitter */ = {
			isa = PBXNativeTarget;
			buildConfigurationList = 4305BF2D1E5CA6F7004ECE4F /* Build configuration list for PBXNativeTarget "BlockAllTwitter" */;
			buildPhases = (
				4305BF151E5CA6F7004ECE4F /* Sources */,
				4305BF161E5CA6F7004ECE4F /* Frameworks */,
				4305BF171E5CA6F7004ECE4F /* Resources */,
			);
			buildRules = (
			);
			dependencies = (
			);
			name = BlockAllTwitter;
			productName = BlockAllTwitter;
			productReference = 4305BF191E5CA6F7004ECE4F /* BlockAllTwitter.app */;
			productType = "com.apple.product-type.application";
		};
/* End PBXNativeTarget section */

/* Begin PBXProject section */
		4305BF111E5CA6F7004ECE4F /* Project object */ = {
			isa = PBXProject;
			attributes = {
				LastUpgradeCheck = 0820;
				ORGANIZATIONNAME = iMokhles;
				TargetAttributes = {
					4305BF181E5CA6F7004ECE4F = {
						CreatedOnToolsVersion = 8.2.1;
						DevelopmentTeam = 4XPY84P8QQ;
						ProvisioningStyle = Automatic;
					};
				};
			};
			buildConfigurationList = 4305BF141E5CA6F7004ECE4F /* Build configuration list for PBXProject "BlockAllTwitter" */;
			compatibilityVersion = "Xcode 3.2";
			developmentRegion = English;
			hasScannedForEncodings = 0;
			knownRegions = (
				en,
				Base,
			);
			mainGroup = 4305BF101E5CA6F7004ECE4F;
			productRefGroup = 4305BF1A1E5CA6F7004ECE4F /* Products */;
			projectDirPath = "";
			projectRoot = "";
			targets = (
				4305BF181E5CA6F7004ECE4F /* BlockAllTwitter */,
			);
		};
/* End PBXProject section */

/* Begin PBXResourcesBuildPhase section */
		4305BF171E5CA6F7004ECE4F /* Resources */ = {
			isa = PBXResourcesBuildPhase;
			buildActionMask = 2147483647;
			files = (
				4305BF261E5CA6F7004ECE4F /* Assets.xcassets in Resources */,
				4305BF291E5CA6F7004ECE4F /* Main.storyboard in Resources */,
			);
			runOnlyForDeploymentPostprocessing = 0;
		};
/* End PBXResourcesBuildPhase section */

/* Begin PBXSourcesBuildPhase section */
		4305BF151E5CA6F7004ECE4F /* Sources */ = {
			isa = PBXSourcesBuildPhase;
			buildActionMask = 2147483647;
			files = (
				4305BF591E5CA775004ECE4F /* STTwitterOS.m in Sources */,
				4305BF531E5CA775004ECE4F /* NSString+STTwitter.m in Sources */,
				4305BF521E5CA775004ECE4F /* NSError+STTwitter.m in Sources */,
				4305BF241E5CA6F7004ECE4F /* ViewController.m in Sources */,
				4305BF211E5CA6F7004ECE4F /* main.m in Sources */,
				4305BF5E1E5CA775004ECE4F /* STHTTPRequest.m in Sources */,
				4305BF511E5CA775004ECE4F /* NSDateFormatter+STTwitter.m in Sources */,
				4305BF5C1E5CA775004ECE4F /* BAVPlistNode.m in Sources */,
				4305BF551E5CA775004ECE4F /* STTwitterAPI.m in Sources */,
				4305BF541E5CA775004ECE4F /* STHTTPRequest+STTwitter.m in Sources */,
				4305BF5D1E5CA775004ECE4F /* JSONSyntaxHighlight.m in Sources */,
				4305BF571E5CA775004ECE4F /* STTwitterHTML.m in Sources */,
				4305BF5B1E5CA775004ECE4F /* STTwitterStreamParser.m in Sources */,
				4305BF561E5CA775004ECE4F /* STTwitterAppOnly.m in Sources */,
				4305BF5A1E5CA775004ECE4F /* STTwitterOSRequest.m in Sources */,
				4305BF581E5CA775004ECE4F /* STTwitterOAuth.m in Sources */,
				4305BF1E1E5CA6F7004ECE4F /* AppDelegate.m in Sources */,
			);
			runOnlyForDeploymentPostprocessing = 0;
		};
/* End PBXSourcesBuildPhase section */

/* Begin PBXVariantGroup section */
		4305BF271E5CA6F7004ECE4F /* Main.storyboard */ = {
			isa = PBXVariantGroup;
			children = (
				4305BF281E5CA6F7004ECE4F /* Base */,
			);
			name = Main.storyboard;
			sourceTree = "<group>";
		};
/* End PBXVariantGroup section */

/* Begin XCBuildConfiguration section */
		4305BF2B1E5CA6F7004ECE4F /* Debug */ = {
			isa = XCBuildConfiguration;
			buildSettings = {
				ALWAYS_SEARCH_USER_PATHS = NO;
				CLANG_ANALYZER_NONNULL = YES;
				CLANG_CXX_LANGUAGE_STANDARD = "gnu++0x";
				CLANG_CXX_LIBRARY = "libc++";
				CLANG_ENABLE_MODULES = YES;
				CLANG_ENABLE_OBJC_ARC = YES;
				CLANG_WARN_BOOL_CONVERSION = YES;
				CLANG_WARN_CONSTANT_CONVERSION = YES;
				CLANG_WARN_DIRECT_OBJC_ISA_USAGE = YES_ERROR;
				CLANG_WARN_DOCUMENTATION_COMMENTS = YES;
				CLANG_WARN_EMPTY_BODY = YES;
				CLANG_WARN_ENUM_CONVERSION = YES;
				CLANG_WARN_INFINITE_RECURSION = YES;
				CLANG_WARN_INT_CONVERSION = YES;
				CLANG_WARN_OBJC_ROOT_CLASS = YES_ERROR;
				CLANG_WARN_SUSPICIOUS_MOVE = YES;
				CLANG_WARN_UNREACHABLE_CODE = YES;
				CLANG_WARN__DUPLICATE_METHOD_MATCH = YES;
				CODE_SIGN_IDENTITY = "-";
				COPY_PHASE_STRIP = NO;
				DEBUG_INFORMATION_FORMAT = dwarf;
				ENABLE_STRICT_OBJC_MSGSEND = YES;
				ENABLE_TESTABILITY = YES;
				GCC_C_LANGUAGE_STANDARD = gnu99;
				GCC_DYNAMIC_NO_PIC = NO;
				GCC_NO_COMMON_BLOCKS = YES;
				GCC_OPTIMIZATION_LEVEL = 0;
				GCC_PREPROCESSOR_DEFINITIONS = (
					"DEBUG=1",
					"$(inherited)",
				);
				GCC_WARN_64_TO_32_BIT_CONVERSION = YES;
				GCC_WARN_ABOUT_RETURN_TYPE = YES_ERROR;
				GCC_WARN_UNDECLARED_SELECTOR = YES;
				GCC_WARN_UNINITIALIZED_AUTOS = YES_AGGRESSIVE;
				GCC_WARN_UNUSED_FUNCTION = YES;
				GCC_WARN_UNUSED_VARIABLE = YES;
				MACOSX_DEPLOYMENT_TARGET = 10.9;
				MTL_ENABLE_DEBUG_INFO = YES;
				ONLY_ACTIVE_ARCH = YES;
				SDKROOT = macosx;
			};
			name = Debug;
		};
		4305BF2C1E5CA6F7004ECE4F /* Release */ = {
			isa = XCBuildConfiguration;
			buildSettings = {
				ALWAYS_SEARCH_USER_PATHS = NO;
				CLANG_ANALYZER_NONNULL = YES;
				CLANG_CXX_LANGUAGE_STANDARD = "gnu++0x";
				CLANG_CXX_LIBRARY = "libc++";
				CLANG_ENABLE_MODULES = YES;
				CLANG_ENABLE_OBJC_ARC = YES;
				CLANG_WARN_BOOL_CONVERSION = YES;
				CLANG_WARN_CONSTANT_CONVERSION = YES;
				CLANG_WARN_DIRECT_OBJC_ISA_USAGE = YES_ERROR;
				CLANG_WARN_DOCUMENTATION_COMMENTS = YES;
				CLANG_WARN_EMPTY_BODY = YES;
				CLANG_WARN_ENUM_CONVERSION = YES;
				CLANG_WARN_INFINITE_RECURSION = YES;
				CLANG_WARN_INT_CONVERSION = YES;
				CLANG_WARN_OBJC_ROOT_CLASS = YES_ERROR;
				CLANG_WARN_SUSPICIOUS_MOVE = YES;
				CLANG_WARN_UNREACHABLE_CODE = YES;
				CLANG_WARN__DUPLICATE_METHOD_MATCH = YES;
				CODE_SIGN_IDENTITY = "-";
				COPY_PHASE_STRIP = NO;
				DEBUG_INFORMATION_FORMAT = "dwarf-with-dsym";
				ENABLE_NS_ASSERTIONS = NO;
				ENABLE_STRICT_OBJC_MSGSEND = YES;
				GCC_C_LANGUAGE_STANDARD = gnu99;
				GCC_NO_COMMON_BLOCKS = YES;
				GCC_WARN_64_TO_32_BIT_CONVERSION = YES;
				GCC_WARN_ABOUT_RETURN_TYPE = YES_ERROR;
				GCC_WARN_UNDECLARED_SELECTOR = YES;
				GCC_WARN_UNINITIALIZED_AUTOS = YES_AGGRESSIVE;
				GCC_WARN_UNUSED_FUNCTION = YES;
				GCC_WARN_UNUSED_VARIABLE = YES;
				MACOSX_DEPLOYMENT_TARGET = 10.9;
				MTL_ENABLE_DEBUG_INFO = NO;
				SDKROOT = macosx;
			};
			name = Release;
		};
		4305BF2E1E5CA6F7004ECE4F /* Debug */ = {
			isa = XCBuildConfiguration;
			buildSettings = {
				ASSETCATALOG_COMPILER_APPICON_NAME = AppIcon;
				COMBINE_HIDPI_IMAGES = YES;
				DEVELOPMENT_TEAM = 4XPY84P8QQ;
				INFOPLIST_FILE = BlockAllTwitter/Info.plist;
				LD_RUNPATH_SEARCH_PATHS = "$(inherited) @executable_path/../Frameworks";
				PRODUCT_BUNDLE_IDENTIFIER = com.imokhles.BlockAllTwitter;
				PRODUCT_NAME = "$(TARGET_NAME)";
			};
			name = Debug;
		};
		4305BF2F1E5CA6F7004ECE4F /* Release */ = {
			isa = XCBuildConfiguration;
			buildSettings = {
				ASSETCATALOG_COMPILER_APPICON_NAME = AppIcon;
				COMBINE_HIDPI_IMAGES = YES;
				DEVELOPMENT_TEAM = 4XPY84P8QQ;
				INFOPLIST_FILE = BlockAllTwitter/Info.plist;
				LD_RUNPATH_SEARCH_PATHS = "$(inherited) @executable_path/../Frameworks";
				PRODUCT_BUNDLE_IDENTIFIER = com.imokhles.BlockAllTwitter;
				PRODUCT_NAME = "$(TARGET_NAME)";
			};
			name = Release;
		};
/* End XCBuildConfiguration section */

/* Begin XCConfigurationList section */
		4305BF141E5CA6F7004ECE4F /* Build configuration list for PBXProject "BlockAllTwitter" */ = {
			isa = XCConfigurationList;
			buildConfigurations = (
				4305BF2B1E5CA6F7004ECE4F /* Debug */,
				4305BF2C1E5CA6F7004ECE4F /* Release */,
			);
			defaultConfigurationIsVisible = 0;
			defaultConfigurationName = Release;
		};
		4305BF2D1E5CA6F7004ECE4F /* Build configuration list for PBXNativeTarget "BlockAllTwitter" */ = {
			isa = XCConfigurationList;
			buildConfigurations = (
				4305BF2E1E5CA6F7004ECE4F /* Debug */,
				4305BF2F1E5CA6F7004ECE4F /* Release */,
			);
			defaultConfigurationIsVisible = 0;
		};
/* End XCConfigurationList section */
	};
	rootObject = 4305BF111E5CA6F7004ECE4F /* Project object */;
}
